
Microsoft Visual Studio Solution File, Format Version 12.00
# Visual Studio Version 16
VisualStudioVersion = 16.0.31624.102
MinimumVisualStudioVersion = 10.0.40219.1
Project("{FAE04EC0-301F-11D3-BF4B-00C04F79EFBC}") = "Project", "Project.csproj", "{67882666-BF23-466A-AD42-80698C966875}"
EndProject
Global
	GlobalSection(SolutionConfigurationPlatforms) = preSolution
		Debug|Any CPU = Debug|Any CPU
		Release|Any CPU = Release|Any CPU
	EndGlobalSection
	GlobalSection(ProjectConfigurationPlatforms) = postSolution
		{67882666-BF23-466A-AD42-80698C966875}.Debug|Any CPU.ActiveCfg = Debug|Any CPU
		{67882666-BF23-466A-AD42-80698C966875}.Debug|Any CPU.Build.0 = Debug|Any CPU
		{67882666-BF23-466A-AD42-80698C966875}.Release|Any CPU.ActiveCfg = Release|Any CPU
		{67882666-BF23-466A-AD42-80698C966875}.Release|Any CPU.Build.0 = Release|Any CPU
	EndGlobalSection
	GlobalSection(SolutionProperties) = preSolution
		HideSolutionNode = FALSE
	EndGlobalSection
	GlobalSection(ExtensibilityGlobals) = postSolution
		SolutionGuid = {F24E38B1-8BDF-44E2-9764-C4728DD34934}
	EndGlobalSection
EndGlobal
