
Microsoft Visual Studio Solution File, Format Version 12.00
# Visual Studio Version 16
VisualStudioVersion = 16.0.31624.102
MinimumVisualStudioVersion = 10.0.40219.1
Project("{FAE04EC0-301F-11D3-BF4B-00C04F79EFBC}") = "Project Arcade", "Project Arcade\Project Arcade.csproj", "{87C58C11-00C1-482C-9969-75D077964CC6}"
EndProject
Global
	GlobalSection(SolutionConfigurationPlatforms) = preSolution
		Debug|Any CPU = Debug|Any CPU
		Release|Any CPU = Release|Any CPU
	EndGlobalSection
	GlobalSection(ProjectConfigurationPlatforms) = postSolution
		{87C58C11-00C1-482C-9969-75D077964CC6}.Debug|Any CPU.ActiveCfg = Debug|Any CPU
		{87C58C11-00C1-482C-9969-75D077964CC6}.Debug|Any CPU.Build.0 = Debug|Any CPU
		{87C58C11-00C1-482C-9969-75D077964CC6}.Release|Any CPU.ActiveCfg = Release|Any CPU
		{87C58C11-00C1-482C-9969-75D077964CC6}.Release|Any CPU.Build.0 = Release|Any CPU
	EndGlobalSection
	GlobalSection(SolutionProperties) = preSolution
		HideSolutionNode = FALSE
	EndGlobalSection
	GlobalSection(ExtensibilityGlobals) = postSolution
		SolutionGuid = {59D6532D-26D8-4C16-935E-052B57095B73}
	EndGlobalSection
EndGlobal
